
Microsoft Visual Studio Solution File, Format Version 12.00
# Visual Studio 2013
VisualStudioVersion = 12.0.21005.1
MinimumVisualStudioVersion = 10.0.40219.1
Project("{8BC9CEB8-8B4A-11D0-8D11-00A0C91BC942}") = "qlib", "qlib\qlib.vcxproj", "{17ABBAFF-4E0B-4CAB-AE59-B5FC76A4E285}"
EndProject
Project("{8BC9CEB8-8B4A-11D0-8D11-00A0C91BC942}") = "qsys", "qsys\qsys.vcxproj", "{DBD4410B-6495-4051-B5E4-4609BB8DA327}"
EndProject
Project("{8BC9CEB8-8B4A-11D0-8D11-00A0C91BC942}") = "cli", "cli\cli.vcxproj", "{7E87F57D-B2DD-4FF3-80B3-ACCE79803790}"
EndProject
Project("{8BC9CEB8-8B4A-11D0-8D11-00A0C91BC942}") = "xpcom", "xpcom\xpcom.vcxproj", "{C4BD7B3E-D672-41A2-94C5-E32FB6CBE70E}"
EndProject
Project("{8BC9CEB8-8B4A-11D0-8D11-00A0C91BC942}") = "xuldeploy", "xuldeploy\xuldeploy.vcxproj", "{32A2E47E-2B6E-4F96-9999-6CB45332D5B6}"
EndProject
Project("{8BC9CEB8-8B4A-11D0-8D11-00A0C91BC942}") = "stub", "stub\stub.vcxproj", "{92419A5C-6EB7-4518-B21A-47757AAA1ACB}"
EndProject
Project("{8BC9CEB8-8B4A-11D0-8D11-00A0C91BC942}") = "installer", "installer\installer.vcxproj", "{79BC3C8F-892E-4C1F-8D9B-F180D2B7B078}"
EndProject
Project("{8BC9CEB8-8B4A-11D0-8D11-00A0C91BC942}") = "molanl", "molanl\molanl.vcxproj", "{AC52574D-6896-4B90-97F5-56FE501324A4}"
EndProject
Project("{8BC9CEB8-8B4A-11D0-8D11-00A0C91BC942}") = "surface", "surface\surface.vcxproj", "{B59EC231-1731-4FBE-9E2A-DBAD581BE05D}"
EndProject
Project("{8BC9CEB8-8B4A-11D0-8D11-00A0C91BC942}") = "symm", "symm\symm.vcxproj", "{7CAD1179-B1CF-4E17-BBFA-DBD5AEA51E7B}"
EndProject
Project("{8BC9CEB8-8B4A-11D0-8D11-00A0C91BC942}") = "xtal", "xtal\xtal.vcxproj", "{A0ACECA2-0C73-4A1A-9736-F3F7A3158878}"
EndProject
Project("{8BC9CEB8-8B4A-11D0-8D11-00A0C91BC942}") = "jsbr", "jsbr\jsbr.vcxproj", "{99DBF289-B4B8-43D0-8D74-8C0A26FFB5D1}"
EndProject
Project("{8BC9CEB8-8B4A-11D0-8D11-00A0C91BC942}") = "blendpng", "blendpng\blendpng.vcxproj", "{9A77E00D-B049-4FD4-BAE0-B830D40ACD56}"
EndProject
Project("{8BC9CEB8-8B4A-11D0-8D11-00A0C91BC942}") = "zlib", "zlib\zlib.vcxproj", "{F76F5626-FEAF-46F1-8F81-E60CBCB3320D}"
EndProject
Project("{8BC9CEB8-8B4A-11D0-8D11-00A0C91BC942}") = "libpng", "libpng\libpng.vcxproj", "{D3F094B8-DA6D-4FCA-86AC-1576477B610A}"
EndProject
Project("{8BC9CEB8-8B4A-11D0-8D11-00A0C91BC942}") = "lwview", "lwview\lwview.vcxproj", "{2F145560-B55C-430D-80A0-111153651540}"
EndProject
Project("{8BC9CEB8-8B4A-11D0-8D11-00A0C91BC942}") = "mdtools", "mdtools\mdtools.vcxproj", "{986D044C-EA72-49CA-BC1F-9430493D621C}"
EndProject
Project("{8BC9CEB8-8B4A-11D0-8D11-00A0C91BC942}") = "render", "rendering\render.vcxproj", "{96857BF4-B1B1-4122-8765-1BC6AEAA0EFA}"
EndProject
Project("{8BC9CEB8-8B4A-11D0-8D11-00A0C91BC942}") = "anim", "anim\anim.vcxproj", "{B894856F-F978-4874-92A5-6898372A2D66}"
EndProject
Project("{8BC9CEB8-8B4A-11D0-8D11-00A0C91BC942}") = "importers", "importers\importers.vcxproj", "{02E9D2E5-F0AA-4F6B-8390-2B7ECB4CC2EA}"
EndProject
Project("{8BC9CEB8-8B4A-11D0-8D11-00A0C91BC942}") = "pymodule", "pymodule\pymodule.vcxproj", "{9CD188B6-4950-4A27-8538-3D5184618B6B}"
	ProjectSection(ProjectDependencies) = postProject
		{17ABBAFF-4E0B-4CAB-AE59-B5FC76A4E285} = {17ABBAFF-4E0B-4CAB-AE59-B5FC76A4E285}
	EndProjectSection
EndProject
Project("{8BC9CEB8-8B4A-11D0-8D11-00A0C91BC942}") = "qt_gui", "qt_gui\qt_gui.vcxproj", "{909D6EAF-139C-4C72-AF5F-EFFB04D4DD3E}"
EndProject
Project("{8BC9CEB8-8B4A-11D0-8D11-00A0C91BC942}") = "distr_data", "distr_data\distr_data.vcxproj", "{CD20494C-0683-4B4E-8413-C92E519C3718}"
EndProject
Global
	GlobalSection(SolutionConfigurationPlatforms) = preSolution
		Debug|Win32 = Debug|Win32
		Release|Win32 = Release|Win32
	EndGlobalSection
	GlobalSection(ProjectConfigurationPlatforms) = postSolution
		{17ABBAFF-4E0B-4CAB-AE59-B5FC76A4E285}.Debug|Win32.ActiveCfg = Debug|Win32
		{17ABBAFF-4E0B-4CAB-AE59-B5FC76A4E285}.Debug|Win32.Build.0 = Debug|Win32
		{17ABBAFF-4E0B-4CAB-AE59-B5FC76A4E285}.Release|Win32.ActiveCfg = Release|Win32
		{17ABBAFF-4E0B-4CAB-AE59-B5FC76A4E285}.Release|Win32.Build.0 = Release|Win32
		{DBD4410B-6495-4051-B5E4-4609BB8DA327}.Debug|Win32.ActiveCfg = Debug|Win32
		{DBD4410B-6495-4051-B5E4-4609BB8DA327}.Debug|Win32.Build.0 = Debug|Win32
		{DBD4410B-6495-4051-B5E4-4609BB8DA327}.Release|Win32.ActiveCfg = Release|Win32
		{DBD4410B-6495-4051-B5E4-4609BB8DA327}.Release|Win32.Build.0 = Release|Win32
		{7E87F57D-B2DD-4FF3-80B3-ACCE79803790}.Debug|Win32.ActiveCfg = Debug|Win32
		{7E87F57D-B2DD-4FF3-80B3-ACCE79803790}.Release|Win32.ActiveCfg = Release|Win32
		{C4BD7B3E-D672-41A2-94C5-E32FB6CBE70E}.Debug|Win32.ActiveCfg = Debug|Win32
		{C4BD7B3E-D672-41A2-94C5-E32FB6CBE70E}.Release|Win32.ActiveCfg = Release|Win32
		{32A2E47E-2B6E-4F96-9999-6CB45332D5B6}.Debug|Win32.ActiveCfg = Debug|Win32
		{32A2E47E-2B6E-4F96-9999-6CB45332D5B6}.Release|Win32.ActiveCfg = Release|Win32
		{92419A5C-6EB7-4518-B21A-47757AAA1ACB}.Debug|Win32.ActiveCfg = Debug|Win32
		{92419A5C-6EB7-4518-B21A-47757AAA1ACB}.Release|Win32.ActiveCfg = Release|Win32
		{79BC3C8F-892E-4C1F-8D9B-F180D2B7B078}.Debug|Win32.ActiveCfg = Debug|Win32
		{79BC3C8F-892E-4C1F-8D9B-F180D2B7B078}.Release|Win32.ActiveCfg = Release|Win32
		{AC52574D-6896-4B90-97F5-56FE501324A4}.Debug|Win32.ActiveCfg = Debug|Win32
		{AC52574D-6896-4B90-97F5-56FE501324A4}.Debug|Win32.Build.0 = Debug|Win32
		{AC52574D-6896-4B90-97F5-56FE501324A4}.Release|Win32.ActiveCfg = Release|Win32
		{AC52574D-6896-4B90-97F5-56FE501324A4}.Release|Win32.Build.0 = Release|Win32
		{B59EC231-1731-4FBE-9E2A-DBAD581BE05D}.Debug|Win32.ActiveCfg = Debug|Win32
		{B59EC231-1731-4FBE-9E2A-DBAD581BE05D}.Debug|Win32.Build.0 = Debug|Win32
		{B59EC231-1731-4FBE-9E2A-DBAD581BE05D}.Release|Win32.ActiveCfg = Release|Win32
		{B59EC231-1731-4FBE-9E2A-DBAD581BE05D}.Release|Win32.Build.0 = Release|Win32
		{7CAD1179-B1CF-4E17-BBFA-DBD5AEA51E7B}.Debug|Win32.ActiveCfg = Debug|Win32
		{7CAD1179-B1CF-4E17-BBFA-DBD5AEA51E7B}.Debug|Win32.Build.0 = Debug|Win32
		{7CAD1179-B1CF-4E17-BBFA-DBD5AEA51E7B}.Release|Win32.ActiveCfg = Release|Win32
		{7CAD1179-B1CF-4E17-BBFA-DBD5AEA51E7B}.Release|Win32.Build.0 = Release|Win32
		{A0ACECA2-0C73-4A1A-9736-F3F7A3158878}.Debug|Win32.ActiveCfg = Debug|Win32
		{A0ACECA2-0C73-4A1A-9736-F3F7A3158878}.Debug|Win32.Build.0 = Debug|Win32
		{A0ACECA2-0C73-4A1A-9736-F3F7A3158878}.Release|Win32.ActiveCfg = Release|Win32
		{A0ACECA2-0C73-4A1A-9736-F3F7A3158878}.Release|Win32.Build.0 = Release|Win32
		{99DBF289-B4B8-43D0-8D74-8C0A26FFB5D1}.Debug|Win32.ActiveCfg = Debug|Win32
		{99DBF289-B4B8-43D0-8D74-8C0A26FFB5D1}.Debug|Win32.Build.0 = Debug|Win32
		{99DBF289-B4B8-43D0-8D74-8C0A26FFB5D1}.Release|Win32.ActiveCfg = Release|Win32
		{99DBF289-B4B8-43D0-8D74-8C0A26FFB5D1}.Release|Win32.Build.0 = Release|Win32
		{9A77E00D-B049-4FD4-BAE0-B830D40ACD56}.Debug|Win32.ActiveCfg = Debug|Win32
		{9A77E00D-B049-4FD4-BAE0-B830D40ACD56}.Debug|Win32.Build.0 = Debug|Win32
		{9A77E00D-B049-4FD4-BAE0-B830D40ACD56}.Release|Win32.ActiveCfg = Release|Win32
		{9A77E00D-B049-4FD4-BAE0-B830D40ACD56}.Release|Win32.Build.0 = Release|Win32
		{F76F5626-FEAF-46F1-8F81-E60CBCB3320D}.Debug|Win32.ActiveCfg = Debug|Win32
		{F76F5626-FEAF-46F1-8F81-E60CBCB3320D}.Debug|Win32.Build.0 = Debug|Win32
		{F76F5626-FEAF-46F1-8F81-E60CBCB3320D}.Release|Win32.ActiveCfg = Release|Win32
		{F76F5626-FEAF-46F1-8F81-E60CBCB3320D}.Release|Win32.Build.0 = Release|Win32
		{D3F094B8-DA6D-4FCA-86AC-1576477B610A}.Debug|Win32.ActiveCfg = Debug|Win32
		{D3F094B8-DA6D-4FCA-86AC-1576477B610A}.Debug|Win32.Build.0 = Debug|Win32
		{D3F094B8-DA6D-4FCA-86AC-1576477B610A}.Release|Win32.ActiveCfg = Release|Win32
		{D3F094B8-DA6D-4FCA-86AC-1576477B610A}.Release|Win32.Build.0 = Release|Win32
		{2F145560-B55C-430D-80A0-111153651540}.Debug|Win32.ActiveCfg = Debug|Win32
		{2F145560-B55C-430D-80A0-111153651540}.Debug|Win32.Build.0 = Debug|Win32
		{2F145560-B55C-430D-80A0-111153651540}.Release|Win32.ActiveCfg = Release|Win32
		{2F145560-B55C-430D-80A0-111153651540}.Release|Win32.Build.0 = Release|Win32
		{986D044C-EA72-49CA-BC1F-9430493D621C}.Debug|Win32.ActiveCfg = Debug|Win32
		{986D044C-EA72-49CA-BC1F-9430493D621C}.Debug|Win32.Build.0 = Debug|Win32
		{986D044C-EA72-49CA-BC1F-9430493D621C}.Release|Win32.ActiveCfg = Release|Win32
		{986D044C-EA72-49CA-BC1F-9430493D621C}.Release|Win32.Build.0 = Release|Win32
		{96857BF4-B1B1-4122-8765-1BC6AEAA0EFA}.Debug|Win32.ActiveCfg = Debug|Win32
		{96857BF4-B1B1-4122-8765-1BC6AEAA0EFA}.Debug|Win32.Build.0 = Debug|Win32
		{96857BF4-B1B1-4122-8765-1BC6AEAA0EFA}.Release|Win32.ActiveCfg = Release|Win32
		{96857BF4-B1B1-4122-8765-1BC6AEAA0EFA}.Release|Win32.Build.0 = Release|Win32
		{B894856F-F978-4874-92A5-6898372A2D66}.Debug|Win32.ActiveCfg = Debug|Win32
		{B894856F-F978-4874-92A5-6898372A2D66}.Debug|Win32.Build.0 = Debug|Win32
		{B894856F-F978-4874-92A5-6898372A2D66}.Release|Win32.ActiveCfg = Release|Win32
		{B894856F-F978-4874-92A5-6898372A2D66}.Release|Win32.Build.0 = Release|Win32
		{02E9D2E5-F0AA-4F6B-8390-2B7ECB4CC2EA}.Debug|Win32.ActiveCfg = Debug|Win32
		{02E9D2E5-F0AA-4F6B-8390-2B7ECB4CC2EA}.Debug|Win32.Build.0 = Debug|Win32
		{02E9D2E5-F0AA-4F6B-8390-2B7ECB4CC2EA}.Release|Win32.ActiveCfg = Release|Win32
		{02E9D2E5-F0AA-4F6B-8390-2B7ECB4CC2EA}.Release|Win32.Build.0 = Release|Win32
		{9CD188B6-4950-4A27-8538-3D5184618B6B}.Debug|Win32.ActiveCfg = Debug|Win32
		{9CD188B6-4950-4A27-8538-3D5184618B6B}.Debug|Win32.Build.0 = Debug|Win32
		{9CD188B6-4950-4A27-8538-3D5184618B6B}.Release|Win32.ActiveCfg = Release|Win32
		{9CD188B6-4950-4A27-8538-3D5184618B6B}.Release|Win32.Build.0 = Release|Win32
		{909D6EAF-139C-4C72-AF5F-EFFB04D4DD3E}.Debug|Win32.ActiveCfg = Debug|Win32
		{909D6EAF-139C-4C72-AF5F-EFFB04D4DD3E}.Debug|Win32.Build.0 = Debug|Win32
		{909D6EAF-139C-4C72-AF5F-EFFB04D4DD3E}.Release|Win32.ActiveCfg = Release|Win32
		{909D6EAF-139C-4C72-AF5F-EFFB04D4DD3E}.Release|Win32.Build.0 = Release|Win32
		{CD20494C-0683-4B4E-8413-C92E519C3718}.Debug|Win32.ActiveCfg = Debug|Win32
		{CD20494C-0683-4B4E-8413-C92E519C3718}.Debug|Win32.Build.0 = Debug|Win32
		{CD20494C-0683-4B4E-8413-C92E519C3718}.Release|Win32.ActiveCfg = Release|Win32
		{CD20494C-0683-4B4E-8413-C92E519C3718}.Release|Win32.Build.0 = Release|Win32
	EndGlobalSection
	GlobalSection(SolutionProperties) = preSolution
		HideSolutionNode = FALSE
	EndGlobalSection
EndGlobal
