
Microsoft Visual Studio Solution File, Format Version 12.00
# Visual Studio 15
VisualStudioVersion = 15.0.26430.16
MinimumVisualStudioVersion = 10.0.40219.1
Project("{8BC9CEB8-8B4A-11D0-8D11-00A0C91BC942}") = "qlib", "qlib\qlib.vcxproj", "{17ABBAFF-4E0B-4CAB-AE59-B5FC76A4E285}"
EndProject
Project("{8BC9CEB8-8B4A-11D0-8D11-00A0C91BC942}") = "qsys", "qsys\qsys.vcxproj", "{DBD4410B-6495-4051-B5E4-4609BB8DA327}"
EndProject
Project("{8BC9CEB8-8B4A-11D0-8D11-00A0C91BC942}") = "cli", "cli\cli.vcxproj", "{7E87F57D-B2DD-4FF3-80B3-ACCE79803790}"
EndProject
Project("{8BC9CEB8-8B4A-11D0-8D11-00A0C91BC942}") = "molanl", "molanl\molanl.vcxproj", "{AC52574D-6896-4B90-97F5-56FE501324A4}"
EndProject
Project("{8BC9CEB8-8B4A-11D0-8D11-00A0C91BC942}") = "surface", "surface\surface.vcxproj", "{B59EC231-1731-4FBE-9E2A-DBAD581BE05D}"
EndProject
Project("{8BC9CEB8-8B4A-11D0-8D11-00A0C91BC942}") = "symm", "symm\symm.vcxproj", "{7CAD1179-B1CF-4E17-BBFA-DBD5AEA51E7B}"
EndProject
Project("{8BC9CEB8-8B4A-11D0-8D11-00A0C91BC942}") = "xtal", "xtal\xtal.vcxproj", "{A0ACECA2-0C73-4A1A-9736-F3F7A3158878}"
EndProject
Project("{8BC9CEB8-8B4A-11D0-8D11-00A0C91BC942}") = "jsbr", "jsbr\jsbr.vcxproj", "{99DBF289-B4B8-43D0-8D74-8C0A26FFB5D1}"
EndProject
Project("{8BC9CEB8-8B4A-11D0-8D11-00A0C91BC942}") = "blendpng", "blendpng\blendpng.vcxproj", "{9A77E00D-B049-4FD4-BAE0-B830D40ACD56}"
EndProject
Project("{8BC9CEB8-8B4A-11D0-8D11-00A0C91BC942}") = "zlib", "zlib\zlib.vcxproj", "{F76F5626-FEAF-46F1-8F81-E60CBCB3320D}"
EndProject
Project("{8BC9CEB8-8B4A-11D0-8D11-00A0C91BC942}") = "libpng", "libpng\libpng.vcxproj", "{D3F094B8-DA6D-4FCA-86AC-1576477B610A}"
EndProject
Project("{8BC9CEB8-8B4A-11D0-8D11-00A0C91BC942}") = "lwview", "lwview\lwview.vcxproj", "{2F145560-B55C-430D-80A0-111153651540}"
EndProject
Project("{8BC9CEB8-8B4A-11D0-8D11-00A0C91BC942}") = "mdtools", "mdtools\mdtools.vcxproj", "{986D044C-EA72-49CA-BC1F-9430493D621C}"
EndProject
Project("{8BC9CEB8-8B4A-11D0-8D11-00A0C91BC942}") = "render", "rendering\render.vcxproj", "{96857BF4-B1B1-4122-8765-1BC6AEAA0EFA}"
EndProject
Project("{8BC9CEB8-8B4A-11D0-8D11-00A0C91BC942}") = "anim", "anim\anim.vcxproj", "{B894856F-F978-4874-92A5-6898372A2D66}"
EndProject
Project("{8BC9CEB8-8B4A-11D0-8D11-00A0C91BC942}") = "importers", "importers\importers.vcxproj", "{02E9D2E5-F0AA-4F6B-8390-2B7ECB4CC2EA}"
EndProject
Project("{8BC9CEB8-8B4A-11D0-8D11-00A0C91BC942}") = "pybr", "pybr\pybr.vcxproj", "{2E28B002-7D9C-4513-8E16-2124681E2A51}"
EndProject
Project("{8BC9CEB8-8B4A-11D0-8D11-00A0C91BC942}") = "pymodule", "pymodule\pymodule.vcxproj", "{6A1AC0C6-690C-4450-8A15-F5D2B0820CB5}"
EndProject
Global
	GlobalSection(SolutionConfigurationPlatforms) = preSolution
		Debug|Win32 = Debug|Win32
		Debug|x64 = Debug|x64
		Release|Win32 = Release|Win32
		Release|x64 = Release|x64
	EndGlobalSection
	GlobalSection(ProjectConfigurationPlatforms) = postSolution
		{17ABBAFF-4E0B-4CAB-AE59-B5FC76A4E285}.Debug|Win32.ActiveCfg = Debug|Win32
		{17ABBAFF-4E0B-4CAB-AE59-B5FC76A4E285}.Debug|Win32.Build.0 = Debug|Win32
		{17ABBAFF-4E0B-4CAB-AE59-B5FC76A4E285}.Debug|x64.ActiveCfg = Debug|x64
		{17ABBAFF-4E0B-4CAB-AE59-B5FC76A4E285}.Debug|x64.Build.0 = Debug|x64
		{17ABBAFF-4E0B-4CAB-AE59-B5FC76A4E285}.Release|Win32.ActiveCfg = Release|Win32
		{17ABBAFF-4E0B-4CAB-AE59-B5FC76A4E285}.Release|Win32.Build.0 = Release|Win32
		{17ABBAFF-4E0B-4CAB-AE59-B5FC76A4E285}.Release|x64.ActiveCfg = Release|x64
		{17ABBAFF-4E0B-4CAB-AE59-B5FC76A4E285}.Release|x64.Build.0 = Release|x64
		{DBD4410B-6495-4051-B5E4-4609BB8DA327}.Debug|Win32.ActiveCfg = Debug|Win32
		{DBD4410B-6495-4051-B5E4-4609BB8DA327}.Debug|Win32.Build.0 = Debug|Win32
		{DBD4410B-6495-4051-B5E4-4609BB8DA327}.Debug|x64.ActiveCfg = Debug|x64
		{DBD4410B-6495-4051-B5E4-4609BB8DA327}.Debug|x64.Build.0 = Debug|x64
		{DBD4410B-6495-4051-B5E4-4609BB8DA327}.Release|Win32.ActiveCfg = Release|Win32
		{DBD4410B-6495-4051-B5E4-4609BB8DA327}.Release|Win32.Build.0 = Release|Win32
		{DBD4410B-6495-4051-B5E4-4609BB8DA327}.Release|x64.ActiveCfg = Release|x64
		{DBD4410B-6495-4051-B5E4-4609BB8DA327}.Release|x64.Build.0 = Release|x64
		{7E87F57D-B2DD-4FF3-80B3-ACCE79803790}.Debug|Win32.ActiveCfg = Debug|Win32
		{7E87F57D-B2DD-4FF3-80B3-ACCE79803790}.Debug|Win32.Build.0 = Debug|Win32
		{7E87F57D-B2DD-4FF3-80B3-ACCE79803790}.Debug|x64.ActiveCfg = Debug|x64
		{7E87F57D-B2DD-4FF3-80B3-ACCE79803790}.Debug|x64.Build.0 = Debug|x64
		{7E87F57D-B2DD-4FF3-80B3-ACCE79803790}.Debug|x64.Deploy.0 = Debug|x64
		{7E87F57D-B2DD-4FF3-80B3-ACCE79803790}.Release|Win32.ActiveCfg = Release|Win32
		{7E87F57D-B2DD-4FF3-80B3-ACCE79803790}.Release|Win32.Build.0 = Release|Win32
		{7E87F57D-B2DD-4FF3-80B3-ACCE79803790}.Release|x64.ActiveCfg = Release|x64
		{7E87F57D-B2DD-4FF3-80B3-ACCE79803790}.Release|x64.Build.0 = Release|x64
		{AC52574D-6896-4B90-97F5-56FE501324A4}.Debug|Win32.ActiveCfg = Debug|Win32
		{AC52574D-6896-4B90-97F5-56FE501324A4}.Debug|Win32.Build.0 = Debug|Win32
		{AC52574D-6896-4B90-97F5-56FE501324A4}.Debug|x64.ActiveCfg = Debug|x64
		{AC52574D-6896-4B90-97F5-56FE501324A4}.Debug|x64.Build.0 = Debug|x64
		{AC52574D-6896-4B90-97F5-56FE501324A4}.Release|Win32.ActiveCfg = Release|Win32
		{AC52574D-6896-4B90-97F5-56FE501324A4}.Release|Win32.Build.0 = Release|Win32
		{AC52574D-6896-4B90-97F5-56FE501324A4}.Release|x64.ActiveCfg = Release|x64
		{AC52574D-6896-4B90-97F5-56FE501324A4}.Release|x64.Build.0 = Release|x64
		{B59EC231-1731-4FBE-9E2A-DBAD581BE05D}.Debug|Win32.ActiveCfg = Debug|Win32
		{B59EC231-1731-4FBE-9E2A-DBAD581BE05D}.Debug|Win32.Build.0 = Debug|Win32
		{B59EC231-1731-4FBE-9E2A-DBAD581BE05D}.Debug|x64.ActiveCfg = Debug|x64
		{B59EC231-1731-4FBE-9E2A-DBAD581BE05D}.Debug|x64.Build.0 = Debug|x64
		{B59EC231-1731-4FBE-9E2A-DBAD581BE05D}.Release|Win32.ActiveCfg = Release|Win32
		{B59EC231-1731-4FBE-9E2A-DBAD581BE05D}.Release|Win32.Build.0 = Release|Win32
		{B59EC231-1731-4FBE-9E2A-DBAD581BE05D}.Release|x64.ActiveCfg = Release|x64
		{B59EC231-1731-4FBE-9E2A-DBAD581BE05D}.Release|x64.Build.0 = Release|x64
		{7CAD1179-B1CF-4E17-BBFA-DBD5AEA51E7B}.Debug|Win32.ActiveCfg = Debug|Win32
		{7CAD1179-B1CF-4E17-BBFA-DBD5AEA51E7B}.Debug|Win32.Build.0 = Debug|Win32
		{7CAD1179-B1CF-4E17-BBFA-DBD5AEA51E7B}.Debug|x64.ActiveCfg = Debug|x64
		{7CAD1179-B1CF-4E17-BBFA-DBD5AEA51E7B}.Debug|x64.Build.0 = Debug|x64
		{7CAD1179-B1CF-4E17-BBFA-DBD5AEA51E7B}.Release|Win32.ActiveCfg = Release|Win32
		{7CAD1179-B1CF-4E17-BBFA-DBD5AEA51E7B}.Release|Win32.Build.0 = Release|Win32
		{7CAD1179-B1CF-4E17-BBFA-DBD5AEA51E7B}.Release|x64.ActiveCfg = Release|x64
		{7CAD1179-B1CF-4E17-BBFA-DBD5AEA51E7B}.Release|x64.Build.0 = Release|x64
		{A0ACECA2-0C73-4A1A-9736-F3F7A3158878}.Debug|Win32.ActiveCfg = Debug|Win32
		{A0ACECA2-0C73-4A1A-9736-F3F7A3158878}.Debug|Win32.Build.0 = Debug|Win32
		{A0ACECA2-0C73-4A1A-9736-F3F7A3158878}.Debug|x64.ActiveCfg = Debug|x64
		{A0ACECA2-0C73-4A1A-9736-F3F7A3158878}.Debug|x64.Build.0 = Debug|x64
		{A0ACECA2-0C73-4A1A-9736-F3F7A3158878}.Release|Win32.ActiveCfg = Release|Win32
		{A0ACECA2-0C73-4A1A-9736-F3F7A3158878}.Release|Win32.Build.0 = Release|Win32
		{A0ACECA2-0C73-4A1A-9736-F3F7A3158878}.Release|x64.ActiveCfg = Release|x64
		{A0ACECA2-0C73-4A1A-9736-F3F7A3158878}.Release|x64.Build.0 = Release|x64
		{99DBF289-B4B8-43D0-8D74-8C0A26FFB5D1}.Debug|Win32.ActiveCfg = Debug|Win32
		{99DBF289-B4B8-43D0-8D74-8C0A26FFB5D1}.Debug|Win32.Build.0 = Debug|Win32
		{99DBF289-B4B8-43D0-8D74-8C0A26FFB5D1}.Debug|x64.ActiveCfg = Debug|x64
		{99DBF289-B4B8-43D0-8D74-8C0A26FFB5D1}.Debug|x64.Build.0 = Debug|x64
		{99DBF289-B4B8-43D0-8D74-8C0A26FFB5D1}.Release|Win32.ActiveCfg = Release|Win32
		{99DBF289-B4B8-43D0-8D74-8C0A26FFB5D1}.Release|Win32.Build.0 = Release|Win32
		{99DBF289-B4B8-43D0-8D74-8C0A26FFB5D1}.Release|x64.ActiveCfg = Release|x64
		{99DBF289-B4B8-43D0-8D74-8C0A26FFB5D1}.Release|x64.Build.0 = Release|x64
		{9A77E00D-B049-4FD4-BAE0-B830D40ACD56}.Debug|Win32.ActiveCfg = Debug|Win32
		{9A77E00D-B049-4FD4-BAE0-B830D40ACD56}.Debug|Win32.Build.0 = Debug|Win32
		{9A77E00D-B049-4FD4-BAE0-B830D40ACD56}.Debug|x64.ActiveCfg = Debug|x64
		{9A77E00D-B049-4FD4-BAE0-B830D40ACD56}.Debug|x64.Build.0 = Debug|x64
		{9A77E00D-B049-4FD4-BAE0-B830D40ACD56}.Release|Win32.ActiveCfg = Release|Win32
		{9A77E00D-B049-4FD4-BAE0-B830D40ACD56}.Release|Win32.Build.0 = Release|Win32
		{9A77E00D-B049-4FD4-BAE0-B830D40ACD56}.Release|x64.ActiveCfg = Release|x64
		{9A77E00D-B049-4FD4-BAE0-B830D40ACD56}.Release|x64.Build.0 = Release|x64
		{F76F5626-FEAF-46F1-8F81-E60CBCB3320D}.Debug|Win32.ActiveCfg = Debug|Win32
		{F76F5626-FEAF-46F1-8F81-E60CBCB3320D}.Debug|Win32.Build.0 = Debug|Win32
		{F76F5626-FEAF-46F1-8F81-E60CBCB3320D}.Debug|x64.ActiveCfg = Debug|x64
		{F76F5626-FEAF-46F1-8F81-E60CBCB3320D}.Debug|x64.Build.0 = Debug|x64
		{F76F5626-FEAF-46F1-8F81-E60CBCB3320D}.Release|Win32.ActiveCfg = Release|Win32
		{F76F5626-FEAF-46F1-8F81-E60CBCB3320D}.Release|Win32.Build.0 = Release|Win32
		{F76F5626-FEAF-46F1-8F81-E60CBCB3320D}.Release|x64.ActiveCfg = Release|x64
		{F76F5626-FEAF-46F1-8F81-E60CBCB3320D}.Release|x64.Build.0 = Release|x64
		{D3F094B8-DA6D-4FCA-86AC-1576477B610A}.Debug|Win32.ActiveCfg = Debug|Win32
		{D3F094B8-DA6D-4FCA-86AC-1576477B610A}.Debug|Win32.Build.0 = Debug|Win32
		{D3F094B8-DA6D-4FCA-86AC-1576477B610A}.Debug|x64.ActiveCfg = Debug|x64
		{D3F094B8-DA6D-4FCA-86AC-1576477B610A}.Debug|x64.Build.0 = Debug|x64
		{D3F094B8-DA6D-4FCA-86AC-1576477B610A}.Release|Win32.ActiveCfg = Release|Win32
		{D3F094B8-DA6D-4FCA-86AC-1576477B610A}.Release|Win32.Build.0 = Release|Win32
		{D3F094B8-DA6D-4FCA-86AC-1576477B610A}.Release|x64.ActiveCfg = Release|x64
		{D3F094B8-DA6D-4FCA-86AC-1576477B610A}.Release|x64.Build.0 = Release|x64
		{2F145560-B55C-430D-80A0-111153651540}.Debug|Win32.ActiveCfg = Debug|Win32
		{2F145560-B55C-430D-80A0-111153651540}.Debug|Win32.Build.0 = Debug|Win32
		{2F145560-B55C-430D-80A0-111153651540}.Debug|x64.ActiveCfg = Debug|x64
		{2F145560-B55C-430D-80A0-111153651540}.Debug|x64.Build.0 = Debug|x64
		{2F145560-B55C-430D-80A0-111153651540}.Release|Win32.ActiveCfg = Release|Win32
		{2F145560-B55C-430D-80A0-111153651540}.Release|Win32.Build.0 = Release|Win32
		{2F145560-B55C-430D-80A0-111153651540}.Release|x64.ActiveCfg = Release|x64
		{2F145560-B55C-430D-80A0-111153651540}.Release|x64.Build.0 = Release|x64
		{986D044C-EA72-49CA-BC1F-9430493D621C}.Debug|Win32.ActiveCfg = Debug|Win32
		{986D044C-EA72-49CA-BC1F-9430493D621C}.Debug|Win32.Build.0 = Debug|Win32
		{986D044C-EA72-49CA-BC1F-9430493D621C}.Debug|x64.ActiveCfg = Debug|x64
		{986D044C-EA72-49CA-BC1F-9430493D621C}.Debug|x64.Build.0 = Debug|x64
		{986D044C-EA72-49CA-BC1F-9430493D621C}.Release|Win32.ActiveCfg = Release|Win32
		{986D044C-EA72-49CA-BC1F-9430493D621C}.Release|Win32.Build.0 = Release|Win32
		{986D044C-EA72-49CA-BC1F-9430493D621C}.Release|x64.ActiveCfg = Release|x64
		{986D044C-EA72-49CA-BC1F-9430493D621C}.Release|x64.Build.0 = Release|x64
		{96857BF4-B1B1-4122-8765-1BC6AEAA0EFA}.Debug|Win32.ActiveCfg = Debug|Win32
		{96857BF4-B1B1-4122-8765-1BC6AEAA0EFA}.Debug|Win32.Build.0 = Debug|Win32
		{96857BF4-B1B1-4122-8765-1BC6AEAA0EFA}.Debug|x64.ActiveCfg = Debug|x64
		{96857BF4-B1B1-4122-8765-1BC6AEAA0EFA}.Debug|x64.Build.0 = Debug|x64
		{96857BF4-B1B1-4122-8765-1BC6AEAA0EFA}.Release|Win32.ActiveCfg = Release|Win32
		{96857BF4-B1B1-4122-8765-1BC6AEAA0EFA}.Release|Win32.Build.0 = Release|Win32
		{96857BF4-B1B1-4122-8765-1BC6AEAA0EFA}.Release|x64.ActiveCfg = Release|x64
		{96857BF4-B1B1-4122-8765-1BC6AEAA0EFA}.Release|x64.Build.0 = Release|x64
		{B894856F-F978-4874-92A5-6898372A2D66}.Debug|Win32.ActiveCfg = Debug|Win32
		{B894856F-F978-4874-92A5-6898372A2D66}.Debug|Win32.Build.0 = Debug|Win32
		{B894856F-F978-4874-92A5-6898372A2D66}.Debug|x64.ActiveCfg = Debug|x64
		{B894856F-F978-4874-92A5-6898372A2D66}.Debug|x64.Build.0 = Debug|x64
		{B894856F-F978-4874-92A5-6898372A2D66}.Release|Win32.ActiveCfg = Release|Win32
		{B894856F-F978-4874-92A5-6898372A2D66}.Release|Win32.Build.0 = Release|Win32
		{B894856F-F978-4874-92A5-6898372A2D66}.Release|x64.ActiveCfg = Release|x64
		{B894856F-F978-4874-92A5-6898372A2D66}.Release|x64.Build.0 = Release|x64
		{02E9D2E5-F0AA-4F6B-8390-2B7ECB4CC2EA}.Debug|Win32.ActiveCfg = Debug|Win32
		{02E9D2E5-F0AA-4F6B-8390-2B7ECB4CC2EA}.Debug|Win32.Build.0 = Debug|Win32
		{02E9D2E5-F0AA-4F6B-8390-2B7ECB4CC2EA}.Debug|x64.ActiveCfg = Debug|x64
		{02E9D2E5-F0AA-4F6B-8390-2B7ECB4CC2EA}.Debug|x64.Build.0 = Debug|x64
		{02E9D2E5-F0AA-4F6B-8390-2B7ECB4CC2EA}.Release|Win32.ActiveCfg = Release|Win32
		{02E9D2E5-F0AA-4F6B-8390-2B7ECB4CC2EA}.Release|Win32.Build.0 = Release|Win32
		{02E9D2E5-F0AA-4F6B-8390-2B7ECB4CC2EA}.Release|x64.ActiveCfg = Release|x64
		{02E9D2E5-F0AA-4F6B-8390-2B7ECB4CC2EA}.Release|x64.Build.0 = Release|x64
		{2E28B002-7D9C-4513-8E16-2124681E2A51}.Debug|Win32.ActiveCfg = Debug|Win32
		{2E28B002-7D9C-4513-8E16-2124681E2A51}.Debug|Win32.Build.0 = Debug|Win32
		{2E28B002-7D9C-4513-8E16-2124681E2A51}.Debug|x64.ActiveCfg = Debug|x64
		{2E28B002-7D9C-4513-8E16-2124681E2A51}.Debug|x64.Build.0 = Debug|x64
		{2E28B002-7D9C-4513-8E16-2124681E2A51}.Release|Win32.ActiveCfg = Release|Win32
		{2E28B002-7D9C-4513-8E16-2124681E2A51}.Release|Win32.Build.0 = Release|Win32
		{2E28B002-7D9C-4513-8E16-2124681E2A51}.Release|x64.ActiveCfg = Release|x64
		{2E28B002-7D9C-4513-8E16-2124681E2A51}.Release|x64.Build.0 = Release|x64
		{6A1AC0C6-690C-4450-8A15-F5D2B0820CB5}.Debug|Win32.ActiveCfg = Debug|Win32
		{6A1AC0C6-690C-4450-8A15-F5D2B0820CB5}.Debug|Win32.Build.0 = Debug|Win32
		{6A1AC0C6-690C-4450-8A15-F5D2B0820CB5}.Debug|x64.ActiveCfg = Debug|x64
		{6A1AC0C6-690C-4450-8A15-F5D2B0820CB5}.Debug|x64.Build.0 = Debug|x64
		{6A1AC0C6-690C-4450-8A15-F5D2B0820CB5}.Release|Win32.ActiveCfg = Release|Win32
		{6A1AC0C6-690C-4450-8A15-F5D2B0820CB5}.Release|Win32.Build.0 = Release|Win32
		{6A1AC0C6-690C-4450-8A15-F5D2B0820CB5}.Release|x64.ActiveCfg = Release|x64
		{6A1AC0C6-690C-4450-8A15-F5D2B0820CB5}.Release|x64.Build.0 = Release|x64
	EndGlobalSection
	GlobalSection(SolutionProperties) = preSolution
		HideSolutionNode = FALSE
	EndGlobalSection
EndGlobal
